PODS:
  - KRPieChart (0.3.6):
    - KRTimingFunction
  - KRTimingFunction (0.10.2)

DEPENDENCIES:
  - KRPieChart (from `../`)

EXTERNAL SOURCES:
  KRPieChart:
    :path: "../"

SPEC CHECKSUMS:
  KRPieChart: f13c798f07d652a33dcc3b7f396adfd6edab6f30
  KRTimingFunction: fe96e9519c335f4309eec90da77f6756604d328a

PODFILE CHECKSUM: f74b300300895b165d0bd900454775026e6f9e1c

COCOAPODS: 1.1.0.rc.2
