PODS:
  - KRPieChart (0.4.3):
    - KRTimingFunction (= 1.0.0)
  - KRTimingFunction (1.0.0)

DEPENDENCIES:
  - KRPieChart (from `../`)

EXTERNAL SOURCES:
  KRPieChart:
    :path: ../

SPEC CHECKSUMS:
  KRPieChart: b166f69f1145bab0ac2738cd526357dbc4c8e223
  KRTimingFunction: f74a7630fb2e7e8daf7e619059cfedce1a76545b

PODFILE CHECKSUM: f74b300300895b165d0bd900454775026e6f9e1c

COCOAPODS: 1.3.1
